
Microsoft Visual Studio Solution File, Format Version 12.00
# Visual Studio Version 17
VisualStudioVersion = 17.0.31808.319
MinimumVisualStudioVersion = 10.0.40219.1
Project("{FAE04EC0-301F-11D3-BF4B-00C04F79EFBC}") = "WebApplication1", "WebApplication1\WebApplication1.csproj", "{BAB20852-A3DA-49AB-957C-07CE8B3B0325}"
EndProject
Global
	GlobalSection(SolutionConfigurationPlatforms) = preSolution
		Debug|Any CPU = Debug|Any CPU
		Release|Any CPU = Release|Any CPU
	EndGlobalSection
	GlobalSection(ProjectConfigurationPlatforms) = postSolution
		{BAB20852-A3DA-49AB-957C-07CE8B3B0325}.Debug|Any CPU.ActiveCfg = Debug|Any CPU
		{BAB20852-A3DA-49AB-957C-07CE8B3B0325}.Debug|Any CPU.Build.0 = Debug|Any CPU
		{BAB20852-A3DA-49AB-957C-07CE8B3B0325}.Release|Any CPU.ActiveCfg = Release|Any CPU
		{BAB20852-A3DA-49AB-957C-07CE8B3B0325}.Release|Any CPU.Build.0 = Release|Any CPU
	EndGlobalSection
	GlobalSection(SolutionProperties) = preSolution
		HideSolutionNode = FALSE
	EndGlobalSection
	GlobalSection(ExtensibilityGlobals) = postSolution
		SolutionGuid = {68B8DF19-E305-4A65-B4B9-145487881393}
	EndGlobalSection
EndGlobal
